version: 7
platforms:
- name: osx-arm64
  virtual-packages:
  - __unix=0=0
  - __osx=13.0
  - __archspec=0=m1
environments:
  default:
    channels:
    - url: https://conda.anaconda.org/conda-forge/
    indexes:
    - https://pypi.org/simple
    packages:
      osx-arm64:
      - conda: https://conda.anaconda.org/conda-forge/noarch/ca-certificates-2026.7.22-hbd8a1cb_0.conda
      - conda: https://conda.anaconda.org/conda-forge/noarch/tzdata-2026c-h151e31d_0.conda
      - conda: https://conda.anaconda.org/conda-forge/osx-arm64/bzip2-1.0.8-h4e30115_10.conda
      - conda: https://conda.anaconda.org/conda-forge/osx-arm64/icu-78.3-py310h579977c_2.conda
      - conda: https://conda.anaconda.org/conda-forge/osx-arm64/libcxx-23.1.0-h55c6f16_0.conda
      - conda: https://conda.anaconda.org/conda-forge/osx-arm64/libexpat-2.8.1-hf6b4638_1.conda
      - conda: https://conda.anaconda.org/conda-forge/osx-arm64/libffi-3.7.0-h47dc5ef_1.conda
      - conda: https://conda.anaconda.org/conda-forge/osx-arm64/liblzma-5.8.3-h8088a28_1.conda
      - conda: https://conda.anaconda.org/conda-forge/osx-arm64/libpython-3.12.14-h4e5ec87_3_cpython.conda
      - conda: https://conda.anaconda.org/conda-forge/osx-arm64/libsqlite-3.53.4-hca69786_1.conda
      - conda: https://conda.anaconda.org/conda-forge/osx-arm64/libzlib-1.3.2-h8088a28_3.conda
      - conda: https://conda.anaconda.org/conda-forge/osx-arm64/ncurses-6.6-he64c551_1.conda
      - conda: https://conda.anaconda.org/conda-forge/osx-arm64/openssl-3.6.4-h55eecbc_0.conda
      - conda: https://conda.anaconda.org/conda-forge/osx-arm64/python-3.12.14-hd05a0c4_3_cpython.conda
      - conda: https://conda.anaconda.org/conda-forge/osx-arm64/readline-8.3-h8b90a29_1.conda
      - conda: https://conda.anaconda.org/conda-forge/osx-arm64/tk-8.6.13-hbeba79b_4.conda
      - pypi: https://files.pythonhosted.org/packages/04/4b/29cac41a4d98d144bf5f6d33995617b185d14b22401f75ca86f384e87ff1/h11-0.16.0-py3-none-any.whl
      - pypi: https://files.pythonhosted.org/packages/06/db/49b05966fd208ae3f44dcd33837b6243b4915c57561d730a43f881f24dea/protobuf-5.29.6-cp38-abi3-macosx_10_9_universal2.whl
      - pypi: https://files.pythonhosted.org/packages/0b/a7/71ac2cff56fec219ed242bb11b8efb69fcc4bec75db06fb7bfe35de520e6/certifi-2026.7.22-py3-none-any.whl
      - pypi: https://files.pythonhosted.org/packages/0c/c3/44f3fbbfa403ea2a7c779186dc20772604442dde72947e7d01069cbe98e3/pycparser-3.0-py3-none-any.whl
      - pypi: https://files.pythonhosted.org/packages/10/bd/c038d7cc38edc1aa5bf91ab8068b63d4308c66c4c8bb3cbba7dfbc049f9c/pyparsing-3.3.2-py3-none-any.whl
      - pypi: https://files.pythonhosted.org/packages/13/5a/5242d5a8a6077ae73bd8a2bd7e3161f2aab476f0868fb6f85cf88b1c8835/google_api_python_client-2.200.0-py3-none-any.whl
      - pypi: https://files.pythonhosted.org/packages/1c/ae/65ce56a2527faa17d02cba4c2231c74047ad898be339486ba87f093bfb66/grpcio-1.83.1-cp312-cp312-macosx_11_0_universal2.whl
      - pypi: https://files.pythonhosted.org/packages/1c/fd/0318007beb234790993d3ec5afd051d1dbceb733e81e3afe2b981ece3f37/python_multipart-0.0.30-py3-none-any.whl
      - pypi: https://files.pythonhosted.org/packages/1e/70/1e88138a9afbed1d37093b85f0bebc3011623c4f47c166431599fe9d6c93/websocket_client-1.7.0-py3-none-any.whl
      - pypi: https://files.pythonhosted.org/packages/20/33/e697a69f13bfd448d33a374231b89cbbb203dedfb4aae9d26126be6f6c72/google_auth_httplib2-0.4.2-py3-none-any.whl
      - pypi: https://files.pythonhosted.org/packages/21/a6/2b21ce5ebe4d8938a247c9b0dbb7271566ae559b01795c83ea4bb2660ed7/anyio-4.15.0-py3-none-any.whl
      - pypi: https://files.pythonhosted.org/packages/2e/00/96ae1c9dcb3bc316ef683f2febd8c97dde9f254dc36c3afc65c7645f734c/websockets-12.0-cp312-cp312-macosx_11_0_arm64.whl
      - pypi: https://files.pythonhosted.org/packages/30/27/78873dc8b6a56357517b74b6bb9568b80450e7bb4f6ef7e3fa9d22aa0bd7/charset_normalizer-3.5.1-cp312-cp312-macosx_10_13_universal2.whl
      - pypi: https://files.pythonhosted.org/packages/33/a0/550eec327e5f5c7b732531c489f5307efec41f047b0d703bd4ca1e5ad2db/httplib2-0.32.0-py3-none-any.whl
      - pypi: https://files.pythonhosted.org/packages/3b/27/0f7247b8002a1404fdb5412aeb15fb0fe70288eb8f88a5873d1c0d8262cf/google_auth-2.57.1-py3-none-any.whl
      - pypi: https://files.pythonhosted.org/packages/3d/ff/7f72e8170be527b4977b033239a83a68d5c881cc4775fca255c677f7ac5d/uvloop-0.22.1-cp312-cp312-macosx_10_13_universal2.whl
      - pypi: https://files.pythonhosted.org/packages/41/7b/ddacf6dcebb42466abd03f368782142baa82e08fc0c1f8eaa05b4bae87d5/httpx-0.27.0-py3-none-any.whl
      - pypi: https://files.pythonhosted.org/packages/47/8d/d529b5d697919ba8c11ad626e835d4039be708a35b0d22de83a269a6682c/pyasn1_modules-0.4.2-py3-none-any.whl
      - pypi: https://files.pythonhosted.org/packages/49/d3/b8441a820a491ddfc024b0b0cf0393375b75ea13866d9c66727e54c2fc80/typing_extensions-4.16.0-py3-none-any.whl
      - pypi: https://files.pythonhosted.org/packages/54/7d/16e5a096677b5e313ca80cd5e5170efa3ea44624a82bb111925522da64b1/cffi-2.1.1-cp312-cp312-macosx_11_0_arm64.whl
      - pypi: https://files.pythonhosted.org/packages/57/b0/0e52c878c53f245edd3a11020f20979b3f490f245af532c7cae3027754b5/idna-3.19-py3-none-any.whl
      - pypi: https://files.pythonhosted.org/packages/58/50/6c0d534c5f134586a8e1ba4e330569e32f057e33372ae556463212fb4cd3/click-8.5.0-py3-none-any.whl
      - pypi: https://files.pythonhosted.org/packages/5f/8f/6af2ea19065c91d8b0ea3516fdfc8c0d349f407e8e9fbf4e5a17360de8ad/watchfiles-1.2.0-cp312-cp312-macosx_11_0_arm64.whl
      - pypi: https://files.pythonhosted.org/packages/67/58/317b0134129b556a93a3b0afe00ee675b5657f0155509e22fcb853bafe2d/grpcio_status-1.71.2-py3-none-any.whl
      - pypi: https://files.pythonhosted.org/packages/67/81/4add07e5172b7ac40d8ed5ff580409a7801a4fe26d529bdd915401dabfbe/typing_inspection-0.4.4-py3-none-any.whl
      - pypi: https://files.pythonhosted.org/packages/6a/3e/b68c118422ec867fa7ab88444e1274aa40681c606d59ac27de5a5588f082/python_dotenv-1.0.1-py3-none-any.whl
      - pypi: https://files.pythonhosted.org/packages/73/f5/cbb16fcbe277c1e0b8b3ddd188f2df0e0947f545c49119b589643632d156/uvicorn-0.29.0-py3-none-any.whl
      - pypi: https://files.pythonhosted.org/packages/7e/f5/f66802a942d491edb555dd61e3a9961140fd64c90bce1eafd741609d334d/httpcore-1.0.9-py3-none-any.whl
      - pypi: https://files.pythonhosted.org/packages/7f/3e/5db95bcf282c52709639744ca2a8b149baccf648e39c8cc87553df9eae0c/urllib3-2.7.0-py3-none-any.whl
      - pypi: https://files.pythonhosted.org/packages/89/31/5056a347bb934ea04583c8b27916ef1501729c72638629545bce26ff4223/google_api_core-2.33.0-py3-none-any.whl
      - pypi: https://files.pythonhosted.org/packages/89/a0/6cf41a19a1f2f3feab0e9c0b74134aa2ce6849093d5517a0c550fe37a648/pyyaml-6.0.3-cp312-cp312-macosx_11_0_arm64.whl
      - pypi: https://files.pythonhosted.org/packages/99/91/8acff4f5e50511b911bbccb72b8628a49c68ce14148cd9f6431094859a90/annotated_types-0.8.0-py3-none-any.whl
      - pypi: https://files.pythonhosted.org/packages/9a/3b/6163796d69c3977d1e4287bea4a6979161cbbdd170ebb430511e8e1999ce/pyasn1-0.6.4-py3-none-any.whl
      - pypi: https://files.pythonhosted.org/packages/9d/84/4e9a53a062d4073c74897a6bd20fff74d55307341b3e85c081002462b3ef/proto_plus-1.28.2-py3-none-any.whl
      - pypi: https://files.pythonhosted.org/packages/a0/f4/c67b0b3f1b9245e8d266f0f112c500d50e5b4e83cb6f3b71b6528104182a/requests-2.34.2-py3-none-any.whl
      - pypi: https://files.pythonhosted.org/packages/a5/42/cc4feea2945cb3051038f090c9b36bd5b8a9d7f5a894a506a8983e33fd1c/httptools-0.8.0-cp312-cp312-macosx_11_0_arm64.whl
      - pypi: https://files.pythonhosted.org/packages/a9/99/3ae339466c9183ea5b8ae87b34c0b897eda475d2aec2307cae60e5cd4f29/uritemplate-4.2.0-py3-none-any.whl
      - pypi: https://files.pythonhosted.org/packages/af/6d/db99a295f9caf027bbdd90c41e6ea650a7468392a0e8713719e7abc5f647/google_ai_generativelanguage-0.6.10-py3-none-any.whl
      - pypi: https://files.pythonhosted.org/packages/ba/19/797e2aaac9df6a66f1550f49979dc1b1e39ecd2077501c30efa81e8d5d67/cryptography-50.0.1-cp311-abi3-macosx_11_0_arm64.whl
      - pypi: https://files.pythonhosted.org/packages/db/50/26b091836076ce4cb2fac264186936acc069e0595772cfd02a563bc4761a/pydantic_core-2.46.5-cp312-cp312-macosx_11_0_arm64.whl
      - pypi: https://files.pythonhosted.org/packages/e7/c8/e2645aa8ed02fd4c7a2f59d68783b65b1f3cbdfe39a6308e156509d1fee8/googleapis_common_protos-1.75.0-py3-none-any.whl
      - pypi: https://files.pythonhosted.org/packages/e9/2f/b5c1d62e94409ed98d5425e83b8e6d3dd475b611be272f561b1a545d273a/google_generativeai-0.8.3-py3-none-any.whl
      - pypi: https://files.pythonhosted.org/packages/e9/44/75a9c9421471a6c4805dbf2356f7c181a29c1879239abab1ea2cc8f38b40/sniffio-1.3.1-py3-none-any.whl
      - pypi: https://files.pythonhosted.org/packages/eb/47/c95ffc2009878c7aac0c5e08528022dcb885933252a88b5f170058014464/pydantic-2.13.5-py3-none-any.whl
      - pypi: https://files.pythonhosted.org/packages/eb/f7/372e3953b6e6fbfe0b70a1bb52612eae16e943f4288516480860fcd4ac41/starlette-0.36.3-py3-none-any.whl
      - pypi: https://files.pythonhosted.org/packages/f0/f7/ea860cb8aa18e326f411e32ab537424690a53db20de6bad73d70da611fae/fastapi-0.110.0-py3-none-any.whl
      - pypi: https://files.pythonhosted.org/packages/f9/1c/01bfd571a64e7f270e6bab5e33777debe0edc56759233ce84f27dec92d14/tqdm-4.70.0-py3-none-any.whl
packages:
- conda: https://conda.anaconda.org/conda-forge/noarch/ca-certificates-2026.7.22-hbd8a1cb_0.conda
  sha256: 0a0544cf95f64394fe4959286f5c71f5444ad58feb0602e53becb27448d24da6
  md5: 0f51e2391ade309db462a55611263e9c
  depends:
  - __unix
  license: ISC
  purls: []
  run_exports: {}
  size: 131780
  timestamp: 1784754889428
- conda: https://conda.anaconda.org/conda-forge/noarch/tzdata-2026c-h151e31d_0.conda
  sha256: b928c30ddcb0e3f544c6eade8352737e6e610e263276b90232db6a578ef899d8
  md5: fcb489df604d100968b737f2cb6076c6
  license: LicenseRef-Public-Domain
  purls: []
  run_exports: {}
  size: 118849
  timestamp: 1784250406640
- conda: https://conda.anaconda.org/conda-forge/osx-arm64/bzip2-1.0.8-h4e30115_10.conda
  sha256: 8ec22f0ba25cbfc2e64d70cf29459eccd7ffdf6436f6a6ff15bbfef799f7d4f6
  md5: b50612e7d190b8061ab4e7dc119cf4d5
  depends:
  - __osx >=11.0
  license: bzip2-1.0.6
  license_family: BSD
  purls: []
  run_exports:
    weak:
    - bzip2 >=1.0.8,<2.0a0
  size: 124965
  timestamp: 1785906749812
- conda: https://conda.anaconda.org/conda-forge/osx-arm64/icu-78.3-py310h579977c_2.conda
  sha256: 6cdb5dee54c72e56ab189fb3ad33cb28533553d42590e7e831160248f4416a43
  md5: a5efc0b42bb8b42e97d0a29ae3e3c187
  depends:
  - __osx >=11.0
  license: MIT
  license_family: MIT
  purls: []
  run_exports:
    weak:
    - icu >=78.3,<79.0a0
  size: 14070242
  timestamp: 1786545847761
- conda: https://conda.anaconda.org/conda-forge/osx-arm64/libcxx-23.1.0-h55c6f16_0.conda
  sha256: d3e5f0b767964af25ef81edffc002f8e822b1a5c55330da1ae3a857f70c4e4ee
  md5: 5303ba06fab927399ed8dfb3227b0af8
  depends:
  - __osx >=11.0
  license: Apache-2.0 WITH LLVM-exception
  license_family: Apache
  purls: []
  run_exports: {}
  size: 575940
  timestamp: 1787698697875
- conda: https://conda.anaconda.org/conda-forge/osx-arm64/libexpat-2.8.1-hf6b4638_1.conda
  sha256: 5af74261101e3c777399c6294b2b5d290e508153268eb2e9ff99c4d69834612f
  md5: a915151d5d3c5bf039f5ccc8402a436f
  depends:
  - __osx >=11.0
  constrains:
  - expat 2.8.1.*
  license: MIT
  license_family: MIT
  purls: []
  run_exports: {}
  size: 69362
  timestamp: 1781203631990
- conda: https://conda.anaconda.org/conda-forge/osx-arm64/libffi-3.7.0-h47dc5ef_1.conda
  sha256: 2783389a7b9dda04c62cc54c6bbeb03dd3cef24b3fc642715d02a3fa19464a9a
  md5: 216bbcc23c11e9695b3db4a8771d76eb
  depends:
  - __osx >=11.0
  license: MIT
  license_family: MIT
  purls: []
  run_exports:
    weak:
    - libffi >=3.7.0,<3.8.0a0
  size: 43637
  timestamp: 1787753403688
- conda: https://conda.anaconda.org/conda-forge/osx-arm64/liblzma-5.8.3-h8088a28_1.conda
  sha256: 23d0630046a3e8b164d8f80f2b74ed2605af2e7050ab9913018056402fae4311
  md5: 8ab10323068b107661a4b9a4af84f3b5
  depends:
  - __osx >=11.0
  constrains:
  - xz 5.8.3.*
  license: 0BSD
  purls: []
  run_exports:
    weak:
    - liblzma >=5.8.3,<6.0a0
  size: 91720
  timestamp: 1786348695846
- conda: https://conda.anaconda.org/conda-forge/osx-arm64/libpython-3.12.14-h4e5ec87_3_cpython.conda
  build_number: 3
  sha256: 8077074cff173a979bbd32b79455ba6f1b12468528eac155e96d8550c38770f6
  md5: 7fd5ad6d9d1ae0af3ae9f039a992a148
  depends:
  - __osx >=11.0
  - libcxx >=21
  license: Python-2.0
  purls: []
  run_exports: {}
  size: 1741765
  timestamp: 1788407528160
- conda: https://conda.anaconda.org/conda-forge/osx-arm64/libsqlite-3.53.4-hca69786_1.conda
  sha256: 839b31d4830e896b4d315b551d27f2bb08026bc946df04bcc360d8627c3ba2cd
  md5: fde96d40ebe9a9cb34e4122380189ddb
  depends:
  - __osx >=11.0
  - icu >=78.3,<79.0a0
  - libzlib >=1.3.2,<2.0a0
  license: blessing
  purls: []
  run_exports:
    weak:
    - libsqlite >=3.53.4,<4.0a0
  size: 942754
  timestamp: 1787051243846
- conda: https://conda.anaconda.org/conda-forge/osx-arm64/libzlib-1.3.2-h8088a28_3.conda
  sha256: a18fa5d5bac452401459f966cf0d872224e8080c4ff93c77e168d43ab42ef9d7
  md5: f39288f0ea63ae962e1a2e4f355a0d75
  depends:
  - __osx >=11.0
  constrains:
  - zlib 1.3.2 *_3
  license: Zlib
  license_family: Other
  purls: []
  run_exports:
    weak:
    - libzlib >=1.3.2,<2.0a0
  size: 47822
  timestamp: 1785277049190
- conda: https://conda.anaconda.org/conda-forge/osx-arm64/ncurses-6.6-he64c551_1.conda
  sha256: 7024a48c8c0d0114ed4ab53c76bf9275d50e91ba7cea367a9aead638d3c29c68
  md5: 3dfa0d0316dc246cd44937a557de4501
  depends:
  - __osx >=11.0
  license: X11 AND BSD-3-Clause
  purls: []
  run_exports:
    weak:
    - ncurses >=6.6,<7.0a0
  size: 804298
  timestamp: 1786355189145
- conda: https://conda.anaconda.org/conda-forge/osx-arm64/openssl-3.6.4-h55eecbc_0.conda
  sha256: f23239eacd75c4c50705e68fae1aa3292da473e6a3a4abe2330f1e6afa680704
  md5: ae71ab40048c19a389a7dcccb86c2481
  depends:
  - __osx >=11.0
  - ca-certificates
  license: Apache-2.0
  license_family: Apache
  purls: []
  run_exports:
    weak:
    - openssl >=3.6.4,<4.0a0
  size: 3110142
  timestamp: 1787698648639
- conda: https://conda.anaconda.org/conda-forge/osx-arm64/python-3.12.14-hd05a0c4_3_cpython.conda
  build_number: 3
  sha256: fee8a2dd8a6ee98d430625d4c0f705e86c1154b1eeae5e10004c3c4d7d536eba
  md5: 287a1be640df74bd3e2b9d76b2a7b300
  depends:
  - __osx >=11.0
  - bzip2 >=1.0.8,<2.0a0
  - libexpat >=2.8.1,<3.0a0
  - libffi >=3.7.0,<3.8.0a0
  - liblzma >=5.8.3,<6.0a0
  - libpython 3.12.14 h4e5ec87_3_cpython
  - libsqlite >=3.53.4,<4.0a0
  - libzlib >=1.3.2,<2.0a0
  - ncurses >=6.6,<7.0a0
  - openssl >=3.5.8,<4.0a0
  - readline >=8.3,<9.0a0
  - tk >=8.6.13,<8.7.0a0
  - tzdata
  constrains:
  - python_abi 3.12.* *_cp312
  license: Python-2.0
  purls: []
  run_exports:
    weak:
    - python_abi 3.12.* *_cp312
    noarch:
    - python
  size: 11705033
  timestamp: 1788407558326
- conda: https://conda.anaconda.org/conda-forge/osx-arm64/readline-8.3-h8b90a29_1.conda
  sha256: d6782b430e6dce4fe8c7ac118cd988d5a193eb4a7f60741edfaede58016b6110
  md5: 9347fd56a002e6b58946831d48fe62f6
  depends:
  - __osx >=11.0
  - ncurses >=6.6,<7.0a0
  license: GPL-3.0-only
  license_family: GPL
  purls: []
  run_exports:
    weak:
    - readline >=8.3,<9.0a0
  size: 314395
  timestamp: 1787033878899
- conda: https://conda.anaconda.org/conda-forge/osx-arm64/tk-8.6.13-hbeba79b_4.conda
  sha256: 857d89087ae7f2c328cf256728affcb7343031a148b4af847334d248a9cf564c
  md5: 90a01bf394d1c594e0eb9258f967d828
  depends:
  - __osx >=11.0
  - libzlib >=1.3.2,<2.0a0
  license: TCL
  purls: []
  run_exports:
    weak:
    - tk >=8.6.13,<8.7.0a0
  size: 3342183
  timestamp: 1787272852357
- pypi: https://files.pythonhosted.org/packages/04/4b/29cac41a4d98d144bf5f6d33995617b185d14b22401f75ca86f384e87ff1/h11-0.16.0-py3-none-any.whl
  name: h11
  version: 0.16.0
  sha256: 63cf8bbe7522de3bf65932fda1d9c2772064ffb3dae62d55932da54b31cb6c86
  requires_python: '>=3.8'
- pypi: https://files.pythonhosted.org/packages/06/db/49b05966fd208ae3f44dcd33837b6243b4915c57561d730a43f881f24dea/protobuf-5.29.6-cp38-abi3-macosx_10_9_universal2.whl
  name: protobuf
  version: 5.29.6
  sha256: b5a169e664b4057183a34bdc424540e86eea47560f3c123a0d64de4e137f9269
  requires_python: '>=3.8'
- pypi: https://files.pythonhosted.org/packages/0b/a7/71ac2cff56fec219ed242bb11b8efb69fcc4bec75db06fb7bfe35de520e6/certifi-2026.7.22-py3-none-any.whl
  name: certifi
  version: 2026.7.22
  sha256: 62f22742b58a1a33014a2b6b706588a8d7e2a88ae7bd1a6ebe8c992928483775
  requires_python: '>=3.7'
- pypi: https://files.pythonhosted.org/packages/0c/c3/44f3fbbfa403ea2a7c779186dc20772604442dde72947e7d01069cbe98e3/pycparser-3.0-py3-none-any.whl
  name: pycparser
  version: '3.0'
  sha256: b727414169a36b7d524c1c3e31839a521725078d7b2ff038656844266160a992
  requires_python: '>=3.10'
- pypi: https://files.pythonhosted.org/packages/10/bd/c038d7cc38edc1aa5bf91ab8068b63d4308c66c4c8bb3cbba7dfbc049f9c/pyparsing-3.3.2-py3-none-any.whl
  name: pyparsing
  version: 3.3.2
  sha256: 850ba148bd908d7e2411587e247a1e4f0327839c40e2e5e6d05a007ecc69911d
  requires_dist:
  - railroad-diagrams ; extra == 'diagrams'
  - jinja2 ; extra == 'diagrams'
  requires_python: '>=3.9'
- pypi: https://files.pythonhosted.org/packages/13/5a/5242d5a8a6077ae73bd8a2bd7e3161f2aab476f0868fb6f85cf88b1c8835/google_api_python_client-2.200.0-py3-none-any.whl
  name: google-api-python-client
  version: 2.200.0
  sha256: c0c2c4072a110b7fcc30ac151744d4410cddaba99c53cb4e815463308952b638
  requires_dist:
  - httplib2>=0.19.0,<1.0.0
  - google-auth>=1.32.0,!=2.24.0,!=2.25.0,<3.0.0
  - google-auth-httplib2>=0.2.0,<1.0.0
  - google-api-core>=1.31.5,!=2.0.*,!=2.1.*,!=2.2.*,!=2.3.0,<3.0.0
  - uritemplate>=3.0.1,<5
  requires_python: '>=3.10'
- pypi: https://files.pythonhosted.org/packages/1c/ae/65ce56a2527faa17d02cba4c2231c74047ad898be339486ba87f093bfb66/grpcio-1.83.1-cp312-cp312-macosx_11_0_universal2.whl
  name: grpcio
  version: 1.83.1
  sha256: 16138031a47b771860a16a975b53087f4fd5bbdbb2c03a188c5d90ad65d2bdae
  requires_dist:
  - typing-extensions~=4.12
  - grpcio-tools>=1.83.1 ; extra == 'protobuf'
  requires_python: '>=3.10'
- pypi: https://files.pythonhosted.org/packages/1c/fd/0318007beb234790993d3ec5afd051d1dbceb733e81e3afe2b981ece3f37/python_multipart-0.0.30-py3-none-any.whl
  name: python-multipart
  version: 0.0.30
  sha256: 830964def8c90607ac5daa00514e3987815865713ade8d20febc9177ac0c3c5b
  requires_python: '>=3.10'
- pypi: https://files.pythonhosted.org/packages/1e/70/1e88138a9afbed1d37093b85f0bebc3011623c4f47c166431599fe9d6c93/websocket_client-1.7.0-py3-none-any.whl
  name: websocket-client
  version: 1.7.0
  sha256: f4c3d22fec12a2461427a29957ff07d35098ee2d976d3ba244e688b8b4057588
  requires_dist:
  - sphinx>=6.0 ; extra == 'docs'
  - sphinx-rtd-theme>=1.1.0 ; extra == 'docs'
  - python-socks ; extra == 'optional'
  - wsaccel ; extra == 'optional'
  - websockets ; extra == 'test'
  requires_python: '>=3.8'
- pypi: https://files.pythonhosted.org/packages/20/33/e697a69f13bfd448d33a374231b89cbbb203dedfb4aae9d26126be6f6c72/google_auth_httplib2-0.4.2-py3-none-any.whl
  name: google-auth-httplib2
  version: 0.4.2
  sha256: 4298dd6b1415972d0c464b7177e6a69a595e7aec5b972222ecdca342f6009647
  requires_dist:
  - google-auth>=2.14.1,<3.0.0
  - httplib2>=0.19.0,<1.0.0
  requires_python: '>=3.10'
- pypi: https://files.pythonhosted.org/packages/21/a6/2b21ce5ebe4d8938a247c9b0dbb7271566ae559b01795c83ea4bb2660ed7/anyio-4.15.0-py3-none-any.whl
  name: anyio
  version: 4.15.0
  sha256: 7ecd9937369ffce8bba0b5ccb9b3a9507b101b0ed50256aecfbab27e6c2acb99
  requires_dist:
  - exceptiongroup>=1.0.2 ; python_full_version < '3.11'
  - idna>=2.8
  - typing-extensions>=4.16.0 ; python_full_version < '3.15'
  - trio>=0.32.0 ; extra == 'trio'
  requires_python: '>=3.10'
- pypi: https://files.pythonhosted.org/packages/2e/00/96ae1c9dcb3bc316ef683f2febd8c97dde9f254dc36c3afc65c7645f734c/websockets-12.0-cp312-cp312-macosx_11_0_arm64.whl
  name: websockets
  version: '12.0'
  sha256: 12743ab88ab2af1d17dd4acb4645677cb7063ef4db93abffbf164218a5d54c6b
  requires_python: '>=3.8'
- pypi: https://files.pythonhosted.org/packages/30/27/78873dc8b6a56357517b74b6bb9568b80450e7bb4f6ef7e3fa9d22aa0bd7/charset_normalizer-3.5.1-cp312-cp312-macosx_10_13_universal2.whl
  name: charset-normalizer
  version: 3.5.1
  sha256: 5b6d1386bf0096d26d3a863dc0a487a5b4eb9aa93cf5ba69683d29dde6b9d60f
  requires_python: '>=3.7'
- pypi: https://files.pythonhosted.org/packages/33/a0/550eec327e5f5c7b732531c489f5307efec41f047b0d703bd4ca1e5ad2db/httplib2-0.32.0-py3-none-any.whl
  name: httplib2
  version: 0.32.0
  sha256: dc6705cacdf3fb0a2aba7629fa33c90fd93e30035db0c157325826be177e4816
  requires_dist:
  - pyparsing>=3.1,<4
  requires_python: '>=3.8'
- pypi: https://files.pythonhosted.org/packages/3b/27/0f7247b8002a1404fdb5412aeb15fb0fe70288eb8f88a5873d1c0d8262cf/google_auth-2.57.1-py3-none-any.whl
  name: google-auth
  version: 2.57.1
  sha256: ab439dee60a6856412bc058f13a68eb6a59c5b81526bb89cfdcf89ce9c0a48c9
  requires_dist:
  - pyasn1-modules>=0.2.1
  - cryptography>=38.0.3 ; python_full_version < '3.14'
  - cryptography>=41.0.5 ; python_full_version >= '3.14'
  - cryptography>=38.0.3 ; python_full_version < '3.14' and extra == 'cryptography'
  - cryptography>=41.0.5 ; python_full_version >= '3.14' and extra == 'cryptography'
  - cryptography>=38.0.3 ; python_full_version < '3.14' and extra == 'pyopenssl'
  - cryptography>=41.0.5 ; python_full_version >= '3.14' and extra == 'pyopenssl'
  - aiohttp>=3.8.0,<4.0.0 ; python_full_version < '3.14' and extra == 'aiohttp'
  - aiohttp>=3.9.0,<4.0.0 ; python_full_version >= '3.14' and extra == 'aiohttp'
  - requests>=2.30.0,<3.0.0 ; extra == 'aiohttp'
  - cryptography>=38.0.3 ; python_full_version < '3.14' and extra == 'enterprise-cert'
  - cryptography>=41.0.5 ; python_full_version >= '3.14' and extra == 'enterprise-cert'
  - pyjwt>=2.0 ; extra == 'pyjwt'
  - pyu2f>=0.1.5 ; extra == 'reauth'
  - requests>=2.30.0,<3.0.0 ; extra == 'requests'
  - grpcio>=1.59.0,<2.0.0 ; python_full_version < '3.14' and extra == 'testing'
  - grpcio>=1.75.1,<2.0.0 ; python_full_version >= '3.14' and extra == 'testing'
  - flask ; extra == 'testing'
  - freezegun ; extra == 'testing'
  - pyjwt>=2.0 ; extra == 'testing'
  - pytest ; extra == 'testing'
  - pytest-cov ; extra == 'testing'
  - pytest-localserver ; extra == 'testing'
  - pyu2f>=0.1.5 ; extra == 'testing'
  - responses ; extra == 'testing'
  - urllib3>=1.26.15,<3.0.0 ; extra == 'testing'
  - packaging>=20.0 ; extra == 'testing'
  - aiohttp>=3.8.0,<4.0.0 ; python_full_version < '3.14' and extra == 'testing'
  - aiohttp>=3.9.0,<4.0.0 ; python_full_version >= '3.14' and extra == 'testing'
  - requests>=2.30.0,<3.0.0 ; extra == 'testing'
  - aioresponses ; extra == 'testing'
  - pytest-asyncio ; extra == 'testing'
  - urllib3>=1.26.15,<3.0.0 ; extra == 'urllib3'
  - packaging>=20.0 ; extra == 'urllib3'
  - rsa>=4.0.0,<5 ; extra == 'rsa'
  - grpcio>=1.59.0,<2.0.0 ; python_full_version < '3.14' and extra == 'grpc'
  - grpcio>=1.75.1,<2.0.0 ; python_full_version >= '3.14' and extra == 'grpc'
  requires_python: '>=3.10'
- pypi: https://files.pythonhosted.org/packages/3d/ff/7f72e8170be527b4977b033239a83a68d5c881cc4775fca255c677f7ac5d/uvloop-0.22.1-cp312-cp312-macosx_10_13_universal2.whl
  name: uvloop
  version: 0.22.1
  sha256: fe94b4564e865d968414598eea1a6de60adba0c040ba4ed05ac1300de402cd42
  requires_dist:
  - aiohttp>=3.10.5 ; extra == 'test'
  - flake8~=6.1 ; extra == 'test'
  - psutil ; extra == 'test'
  - pycodestyle~=2.11.0 ; extra == 'test'
  - pyopenssl~=25.3.0 ; extra == 'test'
  - mypy>=0.800 ; extra == 'test'
  - setuptools>=60 ; extra == 'dev'
  - cython~=3.0 ; extra == 'dev'
  - sphinx~=4.1.2 ; extra == 'docs'
  - sphinxcontrib-asyncio~=0.3.0 ; extra == 'docs'
  - sphinx-rtd-theme~=0.5.2 ; extra == 'docs'
  requires_python: '>=3.8.1'
- pypi: https://files.pythonhosted.org/packages/41/7b/ddacf6dcebb42466abd03f368782142baa82e08fc0c1f8eaa05b4bae87d5/httpx-0.27.0-py3-none-any.whl
  name: httpx
  version: 0.27.0
  sha256: 71d5465162c13681bff01ad59b2cc68dd838ea1f10e51574bac27103f00c91a5
  requires_dist:
  - anyio
  - certifi
  - httpcore==1.*
  - idna
  - sniffio
  - brotli ; platform_python_implementation == 'CPython' and extra == 'brotli'
  - brotlicffi ; platform_python_implementation != 'CPython' and extra == 'brotli'
  - click==8.* ; extra == 'cli'
  - pygments==2.* ; extra == 'cli'
  - rich>=10,<14 ; extra == 'cli'
  - h2>=3,<5 ; extra == 'http2'
  - socksio==1.* ; extra == 'socks'
  requires_python: '>=3.8'
- pypi: https://files.pythonhosted.org/packages/47/8d/d529b5d697919ba8c11ad626e835d4039be708a35b0d22de83a269a6682c/pyasn1_modules-0.4.2-py3-none-any.whl
  name: pyasn1-modules
  version: 0.4.2
  sha256: 29253a9207ce32b64c3ac6600edc75368f98473906e8fd1043bd6b5b1de2c14a
  requires_dist:
  - pyasn1>=0.6.1,<0.7.0
  requires_python: '>=3.8'
- pypi: https://files.pythonhosted.org/packages/49/d3/b8441a820a491ddfc024b0b0cf0393375b75ea13866d9c66727e54c2fc80/typing_extensions-4.16.0-py3-none-any.whl
  name: typing-extensions
  version: 4.16.0
  sha256: 481caa481374e813c1b176ada14e97f1f67a4539ce9cfeb3f350d78d6370c2e8
  requires_python: '>=3.9'
- pypi: https://files.pythonhosted.org/packages/54/7d/16e5a096677b5e313ca80cd5e5170efa3ea44624a82bb111925522da64b1/cffi-2.1.1-cp312-cp312-macosx_11_0_arm64.whl
  name: cffi
  version: 2.1.1
  sha256: f81b3b8f3d4e343550fa4baa0e479bba9f2d29ce9c2e9b51d1ce1718d7442fcf
  requires_dist:
  - pycparser ; implementation_name != 'PyPy'
  requires_python: '>=3.10'
- pypi: https://files.pythonhosted.org/packages/57/b0/0e52c878c53f245edd3a11020f20979b3f490f245af532c7cae3027754b5/idna-3.19-py3-none-any.whl
  name: idna
  version: '3.19'
  sha256: 815e7be7a7806d54abb586dc943addc79e8b2ee16915059658cbeff4b1b43bf4
  requires_dist:
  - ruff>=0.16.0 ; extra == 'all'
  - mypy>=1.11.2 ; extra == 'all'
  - ty>=0.0.37 ; extra == 'all'
  - pytest>=8.3.2 ; extra == 'all'
  - hypothesis>=6.141.1 ; extra == 'all'
  - coverage>=7.10.0 ; extra == 'all'
  requires_python: '>=3.9'
- pypi: https://files.pythonhosted.org/packages/58/50/6c0d534c5f134586a8e1ba4e330569e32f057e33372ae556463212fb4cd3/click-8.5.0-py3-none-any.whl
  name: click
  version: 8.5.0
  sha256: 255bc9599cf7748b4b1a446ccc735421bd08a2ae529a8b88597d3de5664ee360
  requires_python: '>=3.10'
- pypi: https://files.pythonhosted.org/packages/5f/8f/6af2ea19065c91d8b0ea3516fdfc8c0d349f407e8e9fbf4e5a17360de8ad/watchfiles-1.2.0-cp312-cp312-macosx_11_0_arm64.whl
  name: watchfiles
  version: 1.2.0
  sha256: 2d95ddc1eb6914154253d239089900813f6a767e174b8e6a50e7fdacb7e4236c
  requires_dist:
  - anyio>=3.0.0
  requires_python: '>=3.10'
- pypi: https://files.pythonhosted.org/packages/67/58/317b0134129b556a93a3b0afe00ee675b5657f0155509e22fcb853bafe2d/grpcio_status-1.71.2-py3-none-any.whl
  name: grpcio-status
  version: 1.71.2
  sha256: 803c98cb6a8b7dc6dbb785b1111aed739f241ab5e9da0bba96888aa74704cfd3
  requires_dist:
  - protobuf>=5.26.1,<6.0.dev0
  - grpcio>=1.71.2
  - googleapis-common-protos>=1.5.5
  requires_python: '>=3.9'
- pypi: https://files.pythonhosted.org/packages/67/81/4add07e5172b7ac40d8ed5ff580409a7801a4fe26d529bdd915401dabfbe/typing_inspection-0.4.4-py3-none-any.whl
  name: typing-inspection
  version: 0.4.4
  sha256: 65b8397ba37ccbce054456aaccddfc91e6e3083c92824df348d96ca832f3f147
  requires_dist:
  - typing-extensions>=4.15.0
  requires_python: '>=3.10'
- pypi: https://files.pythonhosted.org/packages/6a/3e/b68c118422ec867fa7ab88444e1274aa40681c606d59ac27de5a5588f082/python_dotenv-1.0.1-py3-none-any.whl
  name: python-dotenv
  version: 1.0.1
  sha256: f7b63ef50f1b690dddf550d03497b66d609393b40b564ed0d674909a68ebf16a
  requires_dist:
  - click>=5.0 ; extra == 'cli'
  requires_python: '>=3.8'
- pypi: https://files.pythonhosted.org/packages/73/f5/cbb16fcbe277c1e0b8b3ddd188f2df0e0947f545c49119b589643632d156/uvicorn-0.29.0-py3-none-any.whl
  name: uvicorn
  version: 0.29.0
  sha256: 2c2aac7ff4f4365c206fd773a39bf4ebd1047c238f8b8268ad996829323473de
  requires_dist:
  - click>=7.0
  - h11>=0.8
  - typing-extensions>=4.0 ; python_full_version < '3.11'
  - colorama>=0.4 ; sys_platform == 'win32' and extra == 'standard'
  - httptools>=0.5.0 ; extra == 'standard'
  - python-dotenv>=0.13 ; extra == 'standard'
  - pyyaml>=5.1 ; extra == 'standard'
  - uvloop>=0.14.0,!=0.15.0,!=0.15.1 ; platform_python_implementation != 'PyPy' and sys_platform != 'cygwin' and sys_platform != 'win32' and extra == 'standard'
  - watchfiles>=0.13 ; extra == 'standard'
  - websockets>=10.4 ; extra == 'standard'
  requires_python: '>=3.8'
- pypi: https://files.pythonhosted.org/packages/7e/f5/f66802a942d491edb555dd61e3a9961140fd64c90bce1eafd741609d334d/httpcore-1.0.9-py3-none-any.whl
  name: httpcore
  version: 1.0.9
  sha256: 2d400746a40668fc9dec9810239072b40b4484b640a8c38fd654a024c7a1bf55
  requires_dist:
  - certifi
  - h11>=0.16
  - anyio>=4.0,<5.0 ; extra == 'asyncio'
  - h2>=3,<5 ; extra == 'http2'
  - socksio==1.* ; extra == 'socks'
  - trio>=0.22.0,<1.0 ; extra == 'trio'
  requires_python: '>=3.8'
- pypi: https://files.pythonhosted.org/packages/7f/3e/5db95bcf282c52709639744ca2a8b149baccf648e39c8cc87553df9eae0c/urllib3-2.7.0-py3-none-any.whl
  name: urllib3
  version: 2.7.0
  sha256: 9fb4c81ebbb1ce9531cce37674bbc6f1360472bc18ca9a553ede278ef7276897
  requires_dist:
  - brotli>=1.2.0 ; platform_python_implementation == 'CPython' and extra == 'brotli'
  - brotlicffi>=1.2.0.0 ; platform_python_implementation != 'CPython' and extra == 'brotli'
  - h2>=4,<5 ; extra == 'h2'
  - pysocks>=1.5.6,!=1.5.7,<2.0 ; extra == 'socks'
  - backports-zstd>=1.0.0 ; python_full_version < '3.14' and extra == 'zstd'
  requires_python: '>=3.10'
- pypi: https://files.pythonhosted.org/packages/89/31/5056a347bb934ea04583c8b27916ef1501729c72638629545bce26ff4223/google_api_core-2.33.0-py3-none-any.whl
  name: google-api-core
  version: 2.33.0
  sha256: a2e22a0c1d0f03eafff1858b38cf46f832d5902b0c052235bf0ab8402929fbdc
  requires_dist:
  - googleapis-common-protos>=1.63.2,<2.0.0
  - protobuf>=5.29.6,<8.0.0
  - proto-plus>=1.24.0,<2.0.0
  - proto-plus>=1.25.0,<2.0.0 ; python_full_version >= '3.13'
  - google-auth>=2.14.1,<3.0.0
  - requests>=2.33.0,<3.0.0
  - google-auth[aiohttp]>=2.14.1,<3.0.0 ; extra == 'async-rest'
  - aiohttp>=3.13.4 ; extra == 'async-rest'
  - grpcio>=1.41.0,<2.0.0 ; extra == 'grpc'
  - grpcio>=1.49.1,<2.0.0 ; python_full_version >= '3.11' and extra == 'grpc'
  - grpcio>=1.75.1,<2.0.0 ; python_full_version >= '3.14' and extra == 'grpc'
  - grpcio-status>=1.41.0,<2.0.0 ; extra == 'grpc'
  - grpcio-status>=1.49.1,<2.0.0 ; python_full_version >= '3.11' and extra == 'grpc'
  - grpcio-status>=1.75.1,<2.0.0 ; python_full_version >= '3.14' and extra == 'grpc'
  requires_python: '>=3.10'
- pypi: https://files.pythonhosted.org/packages/89/a0/6cf41a19a1f2f3feab0e9c0b74134aa2ce6849093d5517a0c550fe37a648/pyyaml-6.0.3-cp312-cp312-macosx_11_0_arm64.whl
  name: pyyaml
  version: 6.0.3
  sha256: fc09d0aa354569bc501d4e787133afc08552722d3ab34836a80547331bb5d4a0
  requires_python: '>=3.8'
- pypi: https://files.pythonhosted.org/packages/99/91/8acff4f5e50511b911bbccb72b8628a49c68ce14148cd9f6431094859a90/annotated_types-0.8.0-py3-none-any.whl
  name: annotated-types
  version: 0.8.0
  sha256: f072f4d804ea359e4eaf198b1af7a8b0943881a87f31bb764f8bf219bb9419e0
  requires_python: '>=3.10'
- pypi: https://files.pythonhosted.org/packages/9a/3b/6163796d69c3977d1e4287bea4a6979161cbbdd170ebb430511e8e1999ce/pyasn1-0.6.4-py3-none-any.whl
  name: pyasn1
  version: 0.6.4
  sha256: deda9277cfd454080ec40b207fb6df82206a3a2688735233cdcd8d3d565f088b
  requires_python: '>=3.8'
- pypi: https://files.pythonhosted.org/packages/9d/84/4e9a53a062d4073c74897a6bd20fff74d55307341b3e85c081002462b3ef/proto_plus-1.28.2-py3-none-any.whl
  name: proto-plus
  version: 1.28.2
  sha256: b874236fcac2358f601e4330bcb76cb8b89c851303ccf4078408b3d4774d1c52
  requires_dist:
  - protobuf>=4.25.8,<8.0.0
  - google-api-core>=1.31.5 ; extra == 'testing'
  requires_python: '>=3.10'
- pypi: https://files.pythonhosted.org/packages/a0/f4/c67b0b3f1b9245e8d266f0f112c500d50e5b4e83cb6f3b71b6528104182a/requests-2.34.2-py3-none-any.whl
  name: requests
  version: 2.34.2
  sha256: 2a0d60c172f83ac6ab31e4554906c0f3b3588d37b5cb939b1c061f4907e278e0
  requires_dist:
  - charset-normalizer>=2,<4
  - idna>=2.5,<4
  - urllib3>=1.26,<3
  - certifi>=2023.5.7
  - pysocks>=1.5.6,!=1.5.7 ; extra == 'socks'
  - chardet>=3.0.2,<8 ; extra == 'use-chardet-on-py3'
  requires_python: '>=3.10'
- pypi: https://files.pythonhosted.org/packages/a5/42/cc4feea2945cb3051038f090c9b36bd5b8a9d7f5a894a506a8983e33fd1c/httptools-0.8.0-cp312-cp312-macosx_11_0_arm64.whl
  name: httptools
  version: 0.8.0
  sha256: 5931891fb7b441b8a3853cf1b85c82c903defce084dd5f6771ca46e31bf862c5
  requires_python: '>=3.9'
- pypi: https://files.pythonhosted.org/packages/a9/99/3ae339466c9183ea5b8ae87b34c0b897eda475d2aec2307cae60e5cd4f29/uritemplate-4.2.0-py3-none-any.whl
  name: uritemplate
  version: 4.2.0
  sha256: 962201ba1c4edcab02e60f9a0d3821e82dfc5d2d6662a21abd533879bdb8a686
  requires_python: '>=3.9'
- pypi: https://files.pythonhosted.org/packages/af/6d/db99a295f9caf027bbdd90c41e6ea650a7468392a0e8713719e7abc5f647/google_ai_generativelanguage-0.6.10-py3-none-any.whl
  name: google-ai-generativelanguage
  version: 0.6.10
  sha256: 854a2bf833d18be05ad5ef13c755567b66a4f4a870f099b62c61fe11bddabcf4
  requires_dist:
  - google-api-core[grpc]>=1.34.1,!=2.0.*,!=2.1.*,!=2.2.*,!=2.3.*,!=2.4.*,!=2.5.*,!=2.6.*,!=2.7.*,!=2.8.*,!=2.9.*,!=2.10.*,<3.0.0.dev0
  - google-auth>=2.14.1,!=2.24.0,!=2.25.0,<3.0.0.dev0
  - proto-plus>=1.22.3,<2.0.0.dev0
  - protobuf>=3.20.2,!=4.21.0,!=4.21.1,!=4.21.2,!=4.21.3,!=4.21.4,!=4.21.5,<6.0.0.dev0
  requires_python: '>=3.7'
- pypi: https://files.pythonhosted.org/packages/ba/19/797e2aaac9df6a66f1550f49979dc1b1e39ecd2077501c30efa81e8d5d67/cryptography-50.0.1-cp311-abi3-macosx_11_0_arm64.whl
  name: cryptography
  version: 50.0.1
  sha256: b8f852c65863251b9e3a1b8c150ce21e59b522dbb6a7d4bc80e680d38388e986
  requires_dist:
  - cffi>=2.0.0 ; platform_python_implementation != 'PyPy'
  - typing-extensions>=4.13.2 ; python_full_version < '3.11'
  - bcrypt>=3.1.5 ; extra == 'ssh'
  requires_python: '!=3.9.0,>=3.9,!=3.9.1'
- pypi: https://files.pythonhosted.org/packages/db/50/26b091836076ce4cb2fac264186936acc069e0595772cfd02a563bc4761a/pydantic_core-2.46.5-cp312-cp312-macosx_11_0_arm64.whl
  name: pydantic-core
  version: 2.46.5
  sha256: a39ac25a9a2fa4072efdb429833c4a4c8009a51ff9eea3eeae131713cd27991e
  requires_dist:
  - typing-extensions>=4.14.1
  requires_python: '>=3.9'
- pypi: https://files.pythonhosted.org/packages/e7/c8/e2645aa8ed02fd4c7a2f59d68783b65b1f3cbdfe39a6308e156509d1fee8/googleapis_common_protos-1.75.0-py3-none-any.whl
  name: googleapis-common-protos
  version: 1.75.0
  sha256: 961ed60399c457ceb0ee8f285a84c870aabc9c6a832b9d37bb281b5bebde43ed
  requires_dist:
  - protobuf>=4.25.8,<8.0.0
  - grpcio>=1.44.0,<2.0.0 ; extra == 'grpc'
  requires_python: '>=3.9'
- pypi: https://files.pythonhosted.org/packages/e9/2f/b5c1d62e94409ed98d5425e83b8e6d3dd475b611be272f561b1a545d273a/google_generativeai-0.8.3-py3-none-any.whl
  name: google-generativeai
  version: 0.8.3
  sha256: 1108ff89d5b8e59f51e63d1a8bf84701cd84656e17ca28d73aeed745e736d9b7
  requires_dist:
  - google-ai-generativelanguage==0.6.10
  - google-api-core
  - google-api-python-client
  - google-auth>=2.15.0
  - protobuf
  - pydantic
  - tqdm
  - typing-extensions
  - absl-py ; extra == 'dev'
  - black ; extra == 'dev'
  - nose2 ; extra == 'dev'
  - pandas ; extra == 'dev'
  - pytype ; extra == 'dev'
  - pyyaml ; extra == 'dev'
  - pillow ; extra == 'dev'
  - ipython ; extra == 'dev'
  requires_python: '>=3.9'
- pypi: https://files.pythonhosted.org/packages/e9/44/75a9c9421471a6c4805dbf2356f7c181a29c1879239abab1ea2cc8f38b40/sniffio-1.3.1-py3-none-any.whl
  name: sniffio
  version: 1.3.1
  sha256: 2f6da418d1f1e0fddd844478f41680e794e6051915791a034ff65e5f100525a2
  requires_python: '>=3.7'
- pypi: https://files.pythonhosted.org/packages/eb/47/c95ffc2009878c7aac0c5e08528022dcb885933252a88b5f170058014464/pydantic-2.13.5-py3-none-any.whl
  name: pydantic
  version: 2.13.5
  sha256: 346a034f080da3755d8e9cb5e00e8b07de1d39e4f6e2c87d8ab7cafa0b269a73
  requires_dist:
  - annotated-types>=0.6.0
  - pydantic-core==2.46.5
  - typing-extensions>=4.14.1
  - typing-inspection>=0.4.2
  - email-validator>=2.0.0 ; extra == 'email'
  - tzdata ; python_full_version >= '3.9' and sys_platform == 'win32' and extra == 'timezone'
  requires_python: '>=3.9'
- pypi: https://files.pythonhosted.org/packages/eb/f7/372e3953b6e6fbfe0b70a1bb52612eae16e943f4288516480860fcd4ac41/starlette-0.36.3-py3-none-any.whl
  name: starlette
  version: 0.36.3
  sha256: 13d429aa93a61dc40bf503e8c801db1f1bca3dc706b10ef2434a36123568f044
  requires_dist:
  - anyio>=3.4.0,<5
  - typing-extensions>=3.10.0 ; python_full_version < '3.10'
  - httpx>=0.22.0 ; extra == 'full'
  - itsdangerous ; extra == 'full'
  - jinja2 ; extra == 'full'
  - python-multipart>=0.0.7 ; extra == 'full'
  - pyyaml ; extra == 'full'
  requires_python: '>=3.8'
- pypi: https://files.pythonhosted.org/packages/f0/f7/ea860cb8aa18e326f411e32ab537424690a53db20de6bad73d70da611fae/fastapi-0.110.0-py3-none-any.whl
  name: fastapi
  version: 0.110.0
  sha256: 87a1f6fb632a218222c5984be540055346a8f5d8a68e8f6fb647b1dc9934de4b
  requires_dist:
  - pydantic>=1.7.4,!=1.8,!=1.8.1,!=2.0.0,!=2.0.1,!=2.1.0,<3.0.0
  - starlette>=0.36.3,<0.37.0
  - typing-extensions>=4.8.0
  - email-validator>=2.0.0 ; extra == 'all'
  - httpx>=0.23.0 ; extra == 'all'
  - itsdangerous>=1.1.0 ; extra == 'all'
  - jinja2>=2.11.2 ; extra == 'all'
  - orjson>=3.2.1 ; extra == 'all'
  - pydantic-extra-types>=2.0.0 ; extra == 'all'
  - pydantic-settings>=2.0.0 ; extra == 'all'
  - python-multipart>=0.0.7 ; extra == 'all'
  - pyyaml>=5.3.1 ; extra == 'all'
  - ujson>=4.0.1,!=4.0.2,!=4.1.0,!=4.2.0,!=4.3.0,!=5.0.0,!=5.1.0 ; extra == 'all'
  - uvicorn[standard]>=0.12.0 ; extra == 'all'
  requires_python: '>=3.8'
- pypi: https://files.pythonhosted.org/packages/f9/1c/01bfd571a64e7f270e6bab5e33777debe0edc56759233ce84f27dec92d14/tqdm-4.70.0-py3-none-any.whl
  name: tqdm
  version: 4.70.0
  sha256: 7f585706bfddbdebf89daac705b2dfcc16890130727d3197ca62c732b4310953
  requires_dist:
  - colorama ; sys_platform == 'win32'
  - requests ; extra == 'discord'
  - envwrap ; extra == 'discord'
  - slack-sdk ; extra == 'slack'
  - envwrap ; extra == 'slack'
  - requests ; extra == 'telegram'
  - envwrap ; extra == 'telegram'
  - ipywidgets>=6 ; extra == 'notebook'
  requires_python: '>=3.8'
